PODS:
  - Reveal-iOS-SDK (1.6.2)
  - SnapKit (3.0.2)

DEPENDENCIES:
  - Reveal-iOS-SDK
  - SnapKit (~> 3.0)

SPEC CHECKSUMS:
  Reveal-iOS-SDK: e2250b3c155bcfac53ae223ddc1f76d08f206c33
  SnapKit: 2e456761aa92d4d4067a7a5594c18769d451a8ad

PODFILE CHECKSUM: f287c0d87d07fde64dc6aa7e835329c2cd913c1d

COCOAPODS: 1.1.0.rc.2
